{
    "name": "kubejs",
    "lockfileVersion": 3,
    "requires": true,
    "packages": {
        "": {
            "dependencies": {
                "@eslint/js": "^10.0.1"
            }
        },
        "node_modules/@eslint/js": {
            "version": "10.0.1",
            "resolved": "https://registry.npmjs.org/@eslint/js/-/js-10.0.1.tgz",
            "integrity": "sha512-zeR9k5pd4gxjZ0abRoIaxdc7I3nDktoXZk2qOv9gCNWx3mVwEn32VRhyLaRsDiJjTs0xq/T8mfPtyuXu7GWBcA==",
            "license": "MIT",
            "engines": {
                "node": "^20.19.0 || ^22.13.0 || >=24"
            },
            "funding": {
                "url": "https://eslint.org/donate"
            },
            "peerDependencies": {
                "eslint": "^10.0.0"
            },
            "peerDependenciesMeta": {
                "eslint": {
                    "optional": true
                }
            }
        }
    }
}
